
Microsoft Visual Studio Solution File, Format Version 12.00
# Visual Studio Version 17
VisualStudioVersion = 17.3.32804.467
MinimumVisualStudioVersion = 10.0.40219.1
Project("{9A19103F-16F7-4668-BE54-9A1E7A4F7556}") = "BlogCoreProject", "BlogCoreProject\BlogCoreProject.csproj", "{CF19E0F8-CEB6-48EC-AC6F-E58315DD0FDD}"
EndProject
Project("{9A19103F-16F7-4668-BE54-9A1E7A4F7556}") = "EntityLayer", "EntityLayer\EntityLayer.csproj", "{9A3A908A-D69F-47D0-ACF6-44F46F53FE03}"
EndProject
Project("{9A19103F-16F7-4668-BE54-9A1E7A4F7556}") = "DataAccessLayer", "DataAccessLayer\DataAccessLayer.csproj", "{06999502-6197-43BC-BA6D-1A19AC0E9B0D}"
EndProject
Project("{9A19103F-16F7-4668-BE54-9A1E7A4F7556}") = "BusinessLayer", "BusinessLayer\BusinessLayer.csproj", "{880B83E7-9FEE-472D-B4DE-DF983CDC8F42}"
EndProject
Project("{9A19103F-16F7-4668-BE54-9A1E7A4F7556}") = "CoreLayer", "CoreLayer\CoreLayer.csproj", "{FD171F52-742E-4472-97D6-DCE719F2E246}"
EndProject
Project("{FAE04EC0-301F-11D3-BF4B-00C04F79EFBC}") = "BlogDemooApi", "BlogDemooApi\BlogDemooApi.csproj", "{59FCC4A2-B497-4557-9175-DCCF584AC40C}"
EndProject
Global
	GlobalSection(SolutionConfigurationPlatforms) = preSolution
		Debug|Any CPU = Debug|Any CPU
		Release|Any CPU = Release|Any CPU
	EndGlobalSection
	GlobalSection(ProjectConfigurationPlatforms) = postSolution
		{CF19E0F8-CEB6-48EC-AC6F-E58315DD0FDD}.Debug|Any CPU.ActiveCfg = Debug|Any CPU
		{CF19E0F8-CEB6-48EC-AC6F-E58315DD0FDD}.Debug|Any CPU.Build.0 = Debug|Any CPU
		{CF19E0F8-CEB6-48EC-AC6F-E58315DD0FDD}.Release|Any CPU.ActiveCfg = Release|Any CPU
		{CF19E0F8-CEB6-48EC-AC6F-E58315DD0FDD}.Release|Any CPU.Build.0 = Release|Any CPU
		{9A3A908A-D69F-47D0-ACF6-44F46F53FE03}.Debug|Any CPU.ActiveCfg = Debug|Any CPU
		{9A3A908A-D69F-47D0-ACF6-44F46F53FE03}.Debug|Any CPU.Build.0 = Debug|Any CPU
		{9A3A908A-D69F-47D0-ACF6-44F46F53FE03}.Release|Any CPU.ActiveCfg = Release|Any CPU
		{9A3A908A-D69F-47D0-ACF6-44F46F53FE03}.Release|Any CPU.Build.0 = Release|Any CPU
		{06999502-6197-43BC-BA6D-1A19AC0E9B0D}.Debug|Any CPU.ActiveCfg = Debug|Any CPU
		{06999502-6197-43BC-BA6D-1A19AC0E9B0D}.Debug|Any CPU.Build.0 = Debug|Any CPU
		{06999502-6197-43BC-BA6D-1A19AC0E9B0D}.Release|Any CPU.ActiveCfg = Release|Any CPU
		{06999502-6197-43BC-BA6D-1A19AC0E9B0D}.Release|Any CPU.Build.0 = Release|Any CPU
		{880B83E7-9FEE-472D-B4DE-DF983CDC8F42}.Debug|Any CPU.ActiveCfg = Debug|Any CPU
		{880B83E7-9FEE-472D-B4DE-DF983CDC8F42}.Debug|Any CPU.Build.0 = Debug|Any CPU
		{880B83E7-9FEE-472D-B4DE-DF983CDC8F42}.Release|Any CPU.ActiveCfg = Release|Any CPU
		{880B83E7-9FEE-472D-B4DE-DF983CDC8F42}.Release|Any CPU.Build.0 = Release|Any CPU
		{FD171F52-742E-4472-97D6-DCE719F2E246}.Debug|Any CPU.ActiveCfg = Debug|Any CPU
		{FD171F52-742E-4472-97D6-DCE719F2E246}.Debug|Any CPU.Build.0 = Debug|Any CPU
		{FD171F52-742E-4472-97D6-DCE719F2E246}.Release|Any CPU.ActiveCfg = Release|Any CPU
		{FD171F52-742E-4472-97D6-DCE719F2E246}.Release|Any CPU.Build.0 = Release|Any CPU
		{59FCC4A2-B497-4557-9175-DCCF584AC40C}.Debug|Any CPU.ActiveCfg = Debug|Any CPU
		{59FCC4A2-B497-4557-9175-DCCF584AC40C}.Debug|Any CPU.Build.0 = Debug|Any CPU
		{59FCC4A2-B497-4557-9175-DCCF584AC40C}.Release|Any CPU.ActiveCfg = Release|Any CPU
		{59FCC4A2-B497-4557-9175-DCCF584AC40C}.Release|Any CPU.Build.0 = Release|Any CPU
	EndGlobalSection
	GlobalSection(SolutionProperties) = preSolution
		HideSolutionNode = FALSE
	EndGlobalSection
	GlobalSection(ExtensibilityGlobals) = postSolution
		SolutionGuid = {20F5E82B-5AD2-48D6-ACDF-A53935218F69}
	EndGlobalSection
EndGlobal
